uuid: 42fedf13-dd80-4b6d-9269-b13e34700537
langcode: en
status: true
dependencies:
  module:
    - instagram_block
    - system
  theme:
    - bartik
id: instagramblock
theme: bartik
region: featured_bottom_second
weight: 2
provider: null
plugin: instagram_block_block
settings:
  id: instagram_block_block
  label: 'nate on instagram'
  provider: instagram_block
  label_display: visible
  user_id: '1520575975'
  count: 9
  width: 110
  height: 110
  img_resolution: thumbnail
  cache_time_minutes: 1440
  access_token: 1520575975.5ad0821.989d74cac8af4b5c9142b59166a8097a
visibility:
  request_path:
    id: request_path
    pages: '<front>'
    negate: false
    context_mapping: {  }
